
Microsoft Visual Studio Solution File, Format Version 12.00
# Visual Studio Version 17
VisualStudioVersion = 17.1.32414.318
MinimumVisualStudioVersion = 10.0.40219.1
Project("{2150E333-8FDC-42A3-9474-1A3956D46DE8}") = "src", "src", "{268737C8-6D83-42FB-A78D-9171AACFC23E}"
EndProject
Project("{2150E333-8FDC-42A3-9474-1A3956D46DE8}") = "tests", "tests", "{D6A83B8B-470F-4B6C-B99D-1B50E85DE14F}"
EndProject
Project("{9A19103F-16F7-4668-BE54-9A1E7A4F7556}") = "Store.Entities", "Store.Entities\Store.Entities.csproj", "{B63BAEEB-2DAF-4DF0-844D-46CF49FAC662}"
EndProject
Project("{9A19103F-16F7-4668-BE54-9A1E7A4F7556}") = "Store.Infrastracture", "Store.Infrastracture\Store.Infrastracture.csproj", "{64C9552B-A0C1-42D1-99A2-3A1AA42C5D52}"
EndProject
Project("{9A19103F-16F7-4668-BE54-9A1E7A4F7556}") = "Store.Migrations", "Store.Migrations\Store.Migrations.csproj", "{6FFA82C0-AE59-4579-A497-81C8C6AD86E9}"
EndProject
Project("{9A19103F-16F7-4668-BE54-9A1E7A4F7556}") = "Store.Services.Test.Unit", "Store.Services.Test.Unit\Store.Services.Test.Unit.csproj", "{20D8F526-E52C-4235-B1A4-F9506EFC0E80}"
EndProject
Project("{9A19103F-16F7-4668-BE54-9A1E7A4F7556}") = "Store.Persistence.EF", "Store.Persistence.EF\Store.Persistence.EF.csproj", "{B8829DFB-B699-409D-BDE7-1EE2E4BCC802}"
EndProject
Project("{9A19103F-16F7-4668-BE54-9A1E7A4F7556}") = "Store.Services", "Store.Services\Store.Services.csproj", "{60768112-1A59-4D43-B33F-394AA590F13F}"
EndProject
Project("{9A19103F-16F7-4668-BE54-9A1E7A4F7556}") = "Store.RestAPI", "Store.RestAPI\Store.RestAPI.csproj", "{CD9F5AD3-2CFA-4D4F-A528-9FB1BE00942D}"
EndProject
Project("{9A19103F-16F7-4668-BE54-9A1E7A4F7556}") = "Store.Test.Tools", "Store.Test.Tools\Store.Test.Tools.csproj", "{91E448D2-DF34-4DDB-B79D-A33DE4ADB4D2}"
EndProject
Project("{9A19103F-16F7-4668-BE54-9A1E7A4F7556}") = "Store.Specs", "Store.Specs\Store.Specs.csproj", "{D33DD88F-86D8-40E6-B816-B1C5326FA423}"
EndProject
Project("{2150E333-8FDC-42A3-9474-1A3956D46DE8}") = "Solution Items", "Solution Items", "{6BDA6E21-2C15-4083-B717-3432FA7D9787}"
	ProjectSection(SolutionItems) = preProject
		.editorconfig = .editorconfig
	EndProjectSection
EndProject
Global
	GlobalSection(SolutionConfigurationPlatforms) = preSolution
		Debug|Any CPU = Debug|Any CPU
		Release|Any CPU = Release|Any CPU
	EndGlobalSection
	GlobalSection(ProjectConfigurationPlatforms) = postSolution
		{B63BAEEB-2DAF-4DF0-844D-46CF49FAC662}.Debug|Any CPU.ActiveCfg = Debug|Any CPU
		{B63BAEEB-2DAF-4DF0-844D-46CF49FAC662}.Debug|Any CPU.Build.0 = Debug|Any CPU
		{B63BAEEB-2DAF-4DF0-844D-46CF49FAC662}.Release|Any CPU.ActiveCfg = Release|Any CPU
		{B63BAEEB-2DAF-4DF0-844D-46CF49FAC662}.Release|Any CPU.Build.0 = Release|Any CPU
		{64C9552B-A0C1-42D1-99A2-3A1AA42C5D52}.Debug|Any CPU.ActiveCfg = Debug|Any CPU
		{64C9552B-A0C1-42D1-99A2-3A1AA42C5D52}.Debug|Any CPU.Build.0 = Debug|Any CPU
		{64C9552B-A0C1-42D1-99A2-3A1AA42C5D52}.Release|Any CPU.ActiveCfg = Release|Any CPU
		{64C9552B-A0C1-42D1-99A2-3A1AA42C5D52}.Release|Any CPU.Build.0 = Release|Any CPU
		{6FFA82C0-AE59-4579-A497-81C8C6AD86E9}.Debug|Any CPU.ActiveCfg = Debug|Any CPU
		{6FFA82C0-AE59-4579-A497-81C8C6AD86E9}.Debug|Any CPU.Build.0 = Debug|Any CPU
		{6FFA82C0-AE59-4579-A497-81C8C6AD86E9}.Release|Any CPU.ActiveCfg = Release|Any CPU
		{6FFA82C0-AE59-4579-A497-81C8C6AD86E9}.Release|Any CPU.Build.0 = Release|Any CPU
		{20D8F526-E52C-4235-B1A4-F9506EFC0E80}.Debug|Any CPU.ActiveCfg = Debug|Any CPU
		{20D8F526-E52C-4235-B1A4-F9506EFC0E80}.Debug|Any CPU.Build.0 = Debug|Any CPU
		{20D8F526-E52C-4235-B1A4-F9506EFC0E80}.Release|Any CPU.ActiveCfg = Release|Any CPU
		{20D8F526-E52C-4235-B1A4-F9506EFC0E80}.Release|Any CPU.Build.0 = Release|Any CPU
		{B8829DFB-B699-409D-BDE7-1EE2E4BCC802}.Debug|Any CPU.ActiveCfg = Debug|Any CPU
		{B8829DFB-B699-409D-BDE7-1EE2E4BCC802}.Debug|Any CPU.Build.0 = Debug|Any CPU
		{B8829DFB-B699-409D-BDE7-1EE2E4BCC802}.Release|Any CPU.ActiveCfg = Release|Any CPU
		{B8829DFB-B699-409D-BDE7-1EE2E4BCC802}.Release|Any CPU.Build.0 = Release|Any CPU
		{60768112-1A59-4D43-B33F-394AA590F13F}.Debug|Any CPU.ActiveCfg = Debug|Any CPU
		{60768112-1A59-4D43-B33F-394AA590F13F}.Debug|Any CPU.Build.0 = Debug|Any CPU
		{60768112-1A59-4D43-B33F-394AA590F13F}.Release|Any CPU.ActiveCfg = Release|Any CPU
		{60768112-1A59-4D43-B33F-394AA590F13F}.Release|Any CPU.Build.0 = Release|Any CPU
		{CD9F5AD3-2CFA-4D4F-A528-9FB1BE00942D}.Debug|Any CPU.ActiveCfg = Debug|Any CPU
		{CD9F5AD3-2CFA-4D4F-A528-9FB1BE00942D}.Debug|Any CPU.Build.0 = Debug|Any CPU
		{CD9F5AD3-2CFA-4D4F-A528-9FB1BE00942D}.Release|Any CPU.ActiveCfg = Release|Any CPU
		{CD9F5AD3-2CFA-4D4F-A528-9FB1BE00942D}.Release|Any CPU.Build.0 = Release|Any CPU
		{91E448D2-DF34-4DDB-B79D-A33DE4ADB4D2}.Debug|Any CPU.ActiveCfg = Debug|Any CPU
		{91E448D2-DF34-4DDB-B79D-A33DE4ADB4D2}.Debug|Any CPU.Build.0 = Debug|Any CPU
		{91E448D2-DF34-4DDB-B79D-A33DE4ADB4D2}.Release|Any CPU.ActiveCfg = Release|Any CPU
		{91E448D2-DF34-4DDB-B79D-A33DE4ADB4D2}.Release|Any CPU.Build.0 = Release|Any CPU
		{D33DD88F-86D8-40E6-B816-B1C5326FA423}.Debug|Any CPU.ActiveCfg = Debug|Any CPU
		{D33DD88F-86D8-40E6-B816-B1C5326FA423}.Debug|Any CPU.Build.0 = Debug|Any CPU
		{D33DD88F-86D8-40E6-B816-B1C5326FA423}.Release|Any CPU.ActiveCfg = Release|Any CPU
		{D33DD88F-86D8-40E6-B816-B1C5326FA423}.Release|Any CPU.Build.0 = Release|Any CPU
	EndGlobalSection
	GlobalSection(SolutionProperties) = preSolution
		HideSolutionNode = FALSE
	EndGlobalSection
	GlobalSection(NestedProjects) = preSolution
		{B63BAEEB-2DAF-4DF0-844D-46CF49FAC662} = {268737C8-6D83-42FB-A78D-9171AACFC23E}
		{64C9552B-A0C1-42D1-99A2-3A1AA42C5D52} = {268737C8-6D83-42FB-A78D-9171AACFC23E}
		{6FFA82C0-AE59-4579-A497-81C8C6AD86E9} = {268737C8-6D83-42FB-A78D-9171AACFC23E}
		{20D8F526-E52C-4235-B1A4-F9506EFC0E80} = {D6A83B8B-470F-4B6C-B99D-1B50E85DE14F}
		{B8829DFB-B699-409D-BDE7-1EE2E4BCC802} = {268737C8-6D83-42FB-A78D-9171AACFC23E}
		{60768112-1A59-4D43-B33F-394AA590F13F} = {268737C8-6D83-42FB-A78D-9171AACFC23E}
		{CD9F5AD3-2CFA-4D4F-A528-9FB1BE00942D} = {268737C8-6D83-42FB-A78D-9171AACFC23E}
		{91E448D2-DF34-4DDB-B79D-A33DE4ADB4D2} = {D6A83B8B-470F-4B6C-B99D-1B50E85DE14F}
		{D33DD88F-86D8-40E6-B816-B1C5326FA423} = {D6A83B8B-470F-4B6C-B99D-1B50E85DE14F}
	EndGlobalSection
	GlobalSection(ExtensibilityGlobals) = postSolution
		SolutionGuid = {47B47380-6158-4C93-BB66-86DCA6CED26E}
	EndGlobalSection
EndGlobal
